{
    "_meta": {
        "hash": {
            "sha256": "aaf3ec49b2f41e17658c4b91486dfc19dccefddf861e5316dc84272599f8882c"
        },
        "pipfile-spec": 6,
        "requires": {
            "python_version": "2.7"
        },
        "sources": [
            {
                "name": "pypi",
                "url": "https://pypi.python.org/simple",
                "verify_ssl": true
            }
        ]
    },
    "default": {
        "flask": {
            "hashes": [
                "sha256:4c83829ff83d408b5e1d4995472265411d2c414112298f2eb4b359d9e4563373"
            ],
            "version": "==0.10.1"
        },
        "gunicorn": {
            "hashes": [
                "sha256:8bc835082882ad9a012cd790c460011e4d96bf3512d98a04d3dabbe45393a089",
                "sha256:a5179cde922d2b4e045ee5b11e87323ee77d363ae40294fc8252f25d6a0eaf06"
            ],
            "version": "==19.3.0"
        },
        "itsdangerous": {
            "hashes": [
                "sha256:cbb3fcf8d3e33df861709ecaf89d9e6629cff0a217bc2848f1b41cd30d360519"
            ],
            "version": "==0.24"
        },
        "jinja2": {
            "hashes": [
                "sha256:2e24ac5d004db5714976a04ac0e80c6df6e47e98c354cb2c0d82f8879d4f8fdb"
            ],
            "version": "==2.7.3"
        },
        "markupsafe": {
            "hashes": [
                "sha256:a4ec1aff59b95a14b45eb2e23761a0179e98319da5a7eb76b56ea8cdc7b871c3"
            ],
            "version": "==0.23"
        },
        "parsepy": {
            "editable": true,
            "git": "https://github.com/milesrichardson/ParsePy.git"
        },
        "requests": {
            "hashes": [
                "sha256:124890f41723c85aa82dfe0807432aea46d24aeb0dafce340969d2089548c2c3",
                "sha256:53c68313c5c6149b1a899234c000296e60a8900682accf73d6f0c6d608afc6b1"
            ],
            "version": "==2.4.3"
        },
        "six": {
            "hashes": [
                "sha256:70e8a77beed4562e7f14fe23a786b54f6296e34344c23bc42f07b15018ff98e9",
                "sha256:832dc0e10feb1aa2c68dcc57dbb658f1c7e65b9b61af69048abc87a2db00a0eb"
            ],
            "version": "==1.11.0"
        },
        "werkzeug": {
            "hashes": [
                "sha256:7f11e7e2e73eb22677cac1b11113eb6106f66cedef13d140e83cf6563c90b79c"
            ],
            "version": "==0.9.6"
        }
    },
    "develop": {}
}
